
Microsoft Visual Studio Solution File, Format Version 12.00
# Visual Studio Version 17
VisualStudioVersion = 17.4.33403.182
MinimumVisualStudioVersion = 10.0.40219.1
Project("{FAE04EC0-301F-11D3-BF4B-00C04F79EFBC}") = "01. Square Root", "01. Square Root\01. Square Root.csproj", "{B1AAF337-6796-4610-9750-9E9B2E44DE8C}"
EndProject
Project("{FAE04EC0-301F-11D3-BF4B-00C04F79EFBC}") = "02. Enter Numbers", "02. Enter Numbers\02. Enter Numbers.csproj", "{A0930F34-CA5B-4FBA-B3AE-8870F6C59682}"
EndProject
Project("{FAE04EC0-301F-11D3-BF4B-00C04F79EFBC}") = "03. Cards", "03. Cards\03. Cards.csproj", "{61266E16-F6EE-47D5-AB91-DEA12B75276B}"
EndProject
Project("{FAE04EC0-301F-11D3-BF4B-00C04F79EFBC}") = "04. Sum of Integers", "04. Sum of Integers\04. Sum of Integers.csproj", "{912D7B6F-76BF-48F3-8AF0-6C07383E2787}"
EndProject
Project("{FAE04EC0-301F-11D3-BF4B-00C04F79EFBC}") = "05. Play Catch", "05. Play Catch\05. Play Catch.csproj", "{9EB4DB8A-C1B1-4C19-B806-2644463BA31F}"
EndProject
Project("{FAE04EC0-301F-11D3-BF4B-00C04F79EFBC}") = "06. Money Transactions", "06. Money Transactions\06. Money Transactions.csproj", "{24170DC0-1D14-4811-B846-8E7DBC5B0562}"
EndProject
Global
	GlobalSection(SolutionConfigurationPlatforms) = preSolution
		Debug|Any CPU = Debug|Any CPU
		Release|Any CPU = Release|Any CPU
	EndGlobalSection
	GlobalSection(ProjectConfigurationPlatforms) = postSolution
		{B1AAF337-6796-4610-9750-9E9B2E44DE8C}.Debug|Any CPU.ActiveCfg = Debug|Any CPU
		{B1AAF337-6796-4610-9750-9E9B2E44DE8C}.Debug|Any CPU.Build.0 = Debug|Any CPU
		{B1AAF337-6796-4610-9750-9E9B2E44DE8C}.Release|Any CPU.ActiveCfg = Release|Any CPU
		{B1AAF337-6796-4610-9750-9E9B2E44DE8C}.Release|Any CPU.Build.0 = Release|Any CPU
		{A0930F34-CA5B-4FBA-B3AE-8870F6C59682}.Debug|Any CPU.ActiveCfg = Debug|Any CPU
		{A0930F34-CA5B-4FBA-B3AE-8870F6C59682}.Debug|Any CPU.Build.0 = Debug|Any CPU
		{A0930F34-CA5B-4FBA-B3AE-8870F6C59682}.Release|Any CPU.ActiveCfg = Release|Any CPU
		{A0930F34-CA5B-4FBA-B3AE-8870F6C59682}.Release|Any CPU.Build.0 = Release|Any CPU
		{61266E16-F6EE-47D5-AB91-DEA12B75276B}.Debug|Any CPU.ActiveCfg = Debug|Any CPU
		{61266E16-F6EE-47D5-AB91-DEA12B75276B}.Debug|Any CPU.Build.0 = Debug|Any CPU
		{61266E16-F6EE-47D5-AB91-DEA12B75276B}.Release|Any CPU.ActiveCfg = Release|Any CPU
		{61266E16-F6EE-47D5-AB91-DEA12B75276B}.Release|Any CPU.Build.0 = Release|Any CPU
		{912D7B6F-76BF-48F3-8AF0-6C07383E2787}.Debug|Any CPU.ActiveCfg = Debug|Any CPU
		{912D7B6F-76BF-48F3-8AF0-6C07383E2787}.Debug|Any CPU.Build.0 = Debug|Any CPU
		{912D7B6F-76BF-48F3-8AF0-6C07383E2787}.Release|Any CPU.ActiveCfg = Release|Any CPU
		{912D7B6F-76BF-48F3-8AF0-6C07383E2787}.Release|Any CPU.Build.0 = Release|Any CPU
		{9EB4DB8A-C1B1-4C19-B806-2644463BA31F}.Debug|Any CPU.ActiveCfg = Debug|Any CPU
		{9EB4DB8A-C1B1-4C19-B806-2644463BA31F}.Debug|Any CPU.Build.0 = Debug|Any CPU
		{9EB4DB8A-C1B1-4C19-B806-2644463BA31F}.Release|Any CPU.ActiveCfg = Release|Any CPU
		{9EB4DB8A-C1B1-4C19-B806-2644463BA31F}.Release|Any CPU.Build.0 = Release|Any CPU
		{24170DC0-1D14-4811-B846-8E7DBC5B0562}.Debug|Any CPU.ActiveCfg = Debug|Any CPU
		{24170DC0-1D14-4811-B846-8E7DBC5B0562}.Debug|Any CPU.Build.0 = Debug|Any CPU
		{24170DC0-1D14-4811-B846-8E7DBC5B0562}.Release|Any CPU.ActiveCfg = Release|Any CPU
		{24170DC0-1D14-4811-B846-8E7DBC5B0562}.Release|Any CPU.Build.0 = Release|Any CPU
	EndGlobalSection
	GlobalSection(SolutionProperties) = preSolution
		HideSolutionNode = FALSE
	EndGlobalSection
	GlobalSection(ExtensibilityGlobals) = postSolution
		SolutionGuid = {81FBD925-0931-428C-B26D-21857A13D50A}
	EndGlobalSection
EndGlobal
