
Microsoft Visual Studio Solution File, Format Version 12.00
# Visual Studio Version 17
VisualStudioVersion = 17.4.33403.182
MinimumVisualStudioVersion = 10.0.40219.1
Project("{FAE04EC0-301F-11D3-BF4B-00C04F79EFBC}") = "01. Single Inheritance", "01. Single Inheritance\01. Single Inheritance.csproj", "{C7FEB7BA-14D4-4F3A-BDAC-289FF0E558C5}"
EndProject
Project("{FAE04EC0-301F-11D3-BF4B-00C04F79EFBC}") = "02. Multiple Inheritance", "02. Multiple Inheritance\02. Multiple Inheritance.csproj", "{8F44FF4B-2251-4BA0-AECD-D62F9F1AE616}"
EndProject
Project("{FAE04EC0-301F-11D3-BF4B-00C04F79EFBC}") = "03. Hierarchical Inheritance", "03. Hierarchical Inheritance\03. Hierarchical Inheritance.csproj", "{F567D57B-50B3-4152-81A6-B41CA45EB9B0}"
EndProject
Project("{FAE04EC0-301F-11D3-BF4B-00C04F79EFBC}") = "04. Random List", "04. Random List\04. Random List.csproj", "{3C33BFF1-1416-4764-ADCE-6D28C4C02139}"
EndProject
Project("{FAE04EC0-301F-11D3-BF4B-00C04F79EFBC}") = "05. Stack of Strings", "05. Stack of Strings\05. Stack of Strings.csproj", "{1B8F3026-A6D5-4720-90FC-67664EDEC8A6}"
EndProject
Global
	GlobalSection(SolutionConfigurationPlatforms) = preSolution
		Debug|Any CPU = Debug|Any CPU
		Release|Any CPU = Release|Any CPU
	EndGlobalSection
	GlobalSection(ProjectConfigurationPlatforms) = postSolution
		{C7FEB7BA-14D4-4F3A-BDAC-289FF0E558C5}.Debug|Any CPU.ActiveCfg = Debug|Any CPU
		{C7FEB7BA-14D4-4F3A-BDAC-289FF0E558C5}.Debug|Any CPU.Build.0 = Debug|Any CPU
		{C7FEB7BA-14D4-4F3A-BDAC-289FF0E558C5}.Release|Any CPU.ActiveCfg = Release|Any CPU
		{C7FEB7BA-14D4-4F3A-BDAC-289FF0E558C5}.Release|Any CPU.Build.0 = Release|Any CPU
		{8F44FF4B-2251-4BA0-AECD-D62F9F1AE616}.Debug|Any CPU.ActiveCfg = Debug|Any CPU
		{8F44FF4B-2251-4BA0-AECD-D62F9F1AE616}.Debug|Any CPU.Build.0 = Debug|Any CPU
		{8F44FF4B-2251-4BA0-AECD-D62F9F1AE616}.Release|Any CPU.ActiveCfg = Release|Any CPU
		{8F44FF4B-2251-4BA0-AECD-D62F9F1AE616}.Release|Any CPU.Build.0 = Release|Any CPU
		{F567D57B-50B3-4152-81A6-B41CA45EB9B0}.Debug|Any CPU.ActiveCfg = Debug|Any CPU
		{F567D57B-50B3-4152-81A6-B41CA45EB9B0}.Debug|Any CPU.Build.0 = Debug|Any CPU
		{F567D57B-50B3-4152-81A6-B41CA45EB9B0}.Release|Any CPU.ActiveCfg = Release|Any CPU
		{F567D57B-50B3-4152-81A6-B41CA45EB9B0}.Release|Any CPU.Build.0 = Release|Any CPU
		{3C33BFF1-1416-4764-ADCE-6D28C4C02139}.Debug|Any CPU.ActiveCfg = Debug|Any CPU
		{3C33BFF1-1416-4764-ADCE-6D28C4C02139}.Debug|Any CPU.Build.0 = Debug|Any CPU
		{3C33BFF1-1416-4764-ADCE-6D28C4C02139}.Release|Any CPU.ActiveCfg = Release|Any CPU
		{3C33BFF1-1416-4764-ADCE-6D28C4C02139}.Release|Any CPU.Build.0 = Release|Any CPU
		{1B8F3026-A6D5-4720-90FC-67664EDEC8A6}.Debug|Any CPU.ActiveCfg = Debug|Any CPU
		{1B8F3026-A6D5-4720-90FC-67664EDEC8A6}.Debug|Any CPU.Build.0 = Debug|Any CPU
		{1B8F3026-A6D5-4720-90FC-67664EDEC8A6}.Release|Any CPU.ActiveCfg = Release|Any CPU
		{1B8F3026-A6D5-4720-90FC-67664EDEC8A6}.Release|Any CPU.Build.0 = Release|Any CPU
	EndGlobalSection
	GlobalSection(SolutionProperties) = preSolution
		HideSolutionNode = FALSE
	EndGlobalSection
	GlobalSection(ExtensibilityGlobals) = postSolution
		SolutionGuid = {68FE6D5F-77E7-44E2-B891-9A231B9E9D30}
	EndGlobalSection
EndGlobal
